
Microsoft Visual Studio Solution File, Format Version 12.00
# Visual Studio 15
VisualStudioVersion = 15.0.26228.4
MinimumVisualStudioVersion = 10.0.40219.1
Project("{FAE04EC0-301F-11D3-BF4B-00C04F79EFBC}") = "Model", "Model\Model.csproj", "{30B38EED-BF12-4118-8492-53051E87D716}"
EndProject
Project("{FAE04EC0-301F-11D3-BF4B-00C04F79EFBC}") = "Business", "Business\Business.csproj", "{CBADE339-921E-4277-971C-D80D69751C74}"
EndProject
Project("{FAE04EC0-301F-11D3-BF4B-00C04F79EFBC}") = "Implement", "Implement\Implement.csproj", "{EE5DDE2E-F621-444B-9B23-E4A1E7638264}"
EndProject
Project("{FAE04EC0-301F-11D3-BF4B-00C04F79EFBC}") = "UI", "UI\UI.csproj", "{B9CE123C-0ACE-4976-B314-5167F547A6D1}"
EndProject
Project("{FAE04EC0-301F-11D3-BF4B-00C04F79EFBC}") = "Service", "service\Service.csproj", "{86FB2F28-828E-4D75-8656-FE5F83FA1D11}"
EndProject
Project("{FAE04EC0-301F-11D3-BF4B-00C04F79EFBC}") = "Controles", "Controles\Controles.csproj", "{2B8D11AE-A2F8-4DD8-97A7-9E722B57182E}"
EndProject
Project("{2150E333-8FDC-42A3-9474-1A3956D46DE8}") = "Subsistemas", "Subsistemas", "{C3A6235B-0AA8-403C-B4E1-15670B7E7136}"
EndProject
Project("{FAE04EC0-301F-11D3-BF4B-00C04F79EFBC}") = "AppProcesos", "AppProcesos\AppProcesos.csproj", "{713451E2-581C-4099-B5CA-15E95F3F0A16}"
EndProject
Project("{FAE04EC0-301F-11D3-BF4B-00C04F79EFBC}") = "FormsAuxiliares", "FormsAuxiliares\FormsAuxiliares.csproj", "{26FF4718-4F3B-48E5-9CC6-513E266DE5CE}"
EndProject
Project("{FAE04EC0-301F-11D3-BF4B-00C04F79EFBC}") = "GesServicios", "GesServicios\GesServicios.csproj", "{6E6E3656-EED9-4B5F-832C-A0CC3264872B}"
EndProject
Project("{FAE04EC0-301F-11D3-BF4B-00C04F79EFBC}") = "GesSeguridad", "GesSeguridad\GesSeguridad.csproj", "{4F833E59-47E3-46C7-BE0B-48D8572CABC5}"
EndProject
Project("{FAE04EC0-301F-11D3-BF4B-00C04F79EFBC}") = "GesConfiguracion", "GesConfiguracion\GesConfiguracion.csproj", "{86806F56-8625-4BE6-AE83-EFCA3C606DEF}"
EndProject
Global
	GlobalSection(SolutionConfigurationPlatforms) = preSolution
		Debug|Any CPU = Debug|Any CPU
		Debug|x64 = Debug|x64
		Debug|x86 = Debug|x86
		Release|Any CPU = Release|Any CPU
		Release|x64 = Release|x64
		Release|x86 = Release|x86
	EndGlobalSection
	GlobalSection(ProjectConfigurationPlatforms) = postSolution
		{30B38EED-BF12-4118-8492-53051E87D716}.Debug|Any CPU.ActiveCfg = Debug|Any CPU
		{30B38EED-BF12-4118-8492-53051E87D716}.Debug|Any CPU.Build.0 = Debug|Any CPU
		{30B38EED-BF12-4118-8492-53051E87D716}.Debug|x64.ActiveCfg = Debug|Any CPU
		{30B38EED-BF12-4118-8492-53051E87D716}.Debug|x64.Build.0 = Debug|Any CPU
		{30B38EED-BF12-4118-8492-53051E87D716}.Debug|x86.ActiveCfg = Debug|x86
		{30B38EED-BF12-4118-8492-53051E87D716}.Debug|x86.Build.0 = Debug|x86
		{30B38EED-BF12-4118-8492-53051E87D716}.Release|Any CPU.ActiveCfg = Release|Any CPU
		{30B38EED-BF12-4118-8492-53051E87D716}.Release|Any CPU.Build.0 = Release|Any CPU
		{30B38EED-BF12-4118-8492-53051E87D716}.Release|x64.ActiveCfg = Release|x64
		{30B38EED-BF12-4118-8492-53051E87D716}.Release|x64.Build.0 = Release|x64
		{30B38EED-BF12-4118-8492-53051E87D716}.Release|x86.ActiveCfg = Release|x86
		{30B38EED-BF12-4118-8492-53051E87D716}.Release|x86.Build.0 = Release|x86
		{CBADE339-921E-4277-971C-D80D69751C74}.Debug|Any CPU.ActiveCfg = Debug|Any CPU
		{CBADE339-921E-4277-971C-D80D69751C74}.Debug|Any CPU.Build.0 = Debug|Any CPU
		{CBADE339-921E-4277-971C-D80D69751C74}.Debug|x64.ActiveCfg = Debug|Any CPU
		{CBADE339-921E-4277-971C-D80D69751C74}.Debug|x64.Build.0 = Debug|Any CPU
		{CBADE339-921E-4277-971C-D80D69751C74}.Debug|x86.ActiveCfg = Debug|x86
		{CBADE339-921E-4277-971C-D80D69751C74}.Debug|x86.Build.0 = Debug|x86
		{CBADE339-921E-4277-971C-D80D69751C74}.Release|Any CPU.ActiveCfg = Release|Any CPU
		{CBADE339-921E-4277-971C-D80D69751C74}.Release|Any CPU.Build.0 = Release|Any CPU
		{CBADE339-921E-4277-971C-D80D69751C74}.Release|x64.ActiveCfg = Release|x64
		{CBADE339-921E-4277-971C-D80D69751C74}.Release|x64.Build.0 = Release|x64
		{CBADE339-921E-4277-971C-D80D69751C74}.Release|x86.ActiveCfg = Release|x86
		{CBADE339-921E-4277-971C-D80D69751C74}.Release|x86.Build.0 = Release|x86
		{EE5DDE2E-F621-444B-9B23-E4A1E7638264}.Debug|Any CPU.ActiveCfg = Debug|Any CPU
		{EE5DDE2E-F621-444B-9B23-E4A1E7638264}.Debug|Any CPU.Build.0 = Debug|Any CPU
		{EE5DDE2E-F621-444B-9B23-E4A1E7638264}.Debug|x64.ActiveCfg = Debug|Any CPU
		{EE5DDE2E-F621-444B-9B23-E4A1E7638264}.Debug|x64.Build.0 = Debug|Any CPU
		{EE5DDE2E-F621-444B-9B23-E4A1E7638264}.Debug|x86.ActiveCfg = Debug|x86
		{EE5DDE2E-F621-444B-9B23-E4A1E7638264}.Debug|x86.Build.0 = Debug|x86
		{EE5DDE2E-F621-444B-9B23-E4A1E7638264}.Release|Any CPU.ActiveCfg = Release|Any CPU
		{EE5DDE2E-F621-444B-9B23-E4A1E7638264}.Release|Any CPU.Build.0 = Release|Any CPU
		{EE5DDE2E-F621-444B-9B23-E4A1E7638264}.Release|x64.ActiveCfg = Release|x64
		{EE5DDE2E-F621-444B-9B23-E4A1E7638264}.Release|x64.Build.0 = Release|x64
		{EE5DDE2E-F621-444B-9B23-E4A1E7638264}.Release|x86.ActiveCfg = Release|x86
		{EE5DDE2E-F621-444B-9B23-E4A1E7638264}.Release|x86.Build.0 = Release|x86
		{B9CE123C-0ACE-4976-B314-5167F547A6D1}.Debug|Any CPU.ActiveCfg = Debug|Any CPU
		{B9CE123C-0ACE-4976-B314-5167F547A6D1}.Debug|Any CPU.Build.0 = Debug|Any CPU
		{B9CE123C-0ACE-4976-B314-5167F547A6D1}.Debug|x64.ActiveCfg = Debug|Any CPU
		{B9CE123C-0ACE-4976-B314-5167F547A6D1}.Debug|x64.Build.0 = Debug|Any CPU
		{B9CE123C-0ACE-4976-B314-5167F547A6D1}.Debug|x86.ActiveCfg = Debug|x86
		{B9CE123C-0ACE-4976-B314-5167F547A6D1}.Debug|x86.Build.0 = Debug|x86
		{B9CE123C-0ACE-4976-B314-5167F547A6D1}.Release|Any CPU.ActiveCfg = Release|Any CPU
		{B9CE123C-0ACE-4976-B314-5167F547A6D1}.Release|Any CPU.Build.0 = Release|Any CPU
		{B9CE123C-0ACE-4976-B314-5167F547A6D1}.Release|x64.ActiveCfg = Release|x64
		{B9CE123C-0ACE-4976-B314-5167F547A6D1}.Release|x64.Build.0 = Release|x64
		{B9CE123C-0ACE-4976-B314-5167F547A6D1}.Release|x86.ActiveCfg = Release|x86
		{B9CE123C-0ACE-4976-B314-5167F547A6D1}.Release|x86.Build.0 = Release|x86
		{86FB2F28-828E-4D75-8656-FE5F83FA1D11}.Debug|Any CPU.ActiveCfg = Debug|Any CPU
		{86FB2F28-828E-4D75-8656-FE5F83FA1D11}.Debug|Any CPU.Build.0 = Debug|Any CPU
		{86FB2F28-828E-4D75-8656-FE5F83FA1D11}.Debug|x64.ActiveCfg = Debug|Any CPU
		{86FB2F28-828E-4D75-8656-FE5F83FA1D11}.Debug|x64.Build.0 = Debug|Any CPU
		{86FB2F28-828E-4D75-8656-FE5F83FA1D11}.Debug|x86.ActiveCfg = Debug|x86
		{86FB2F28-828E-4D75-8656-FE5F83FA1D11}.Debug|x86.Build.0 = Debug|x86
		{86FB2F28-828E-4D75-8656-FE5F83FA1D11}.Release|Any CPU.ActiveCfg = Release|Any CPU
		{86FB2F28-828E-4D75-8656-FE5F83FA1D11}.Release|Any CPU.Build.0 = Release|Any CPU
		{86FB2F28-828E-4D75-8656-FE5F83FA1D11}.Release|x64.ActiveCfg = Release|x64
		{86FB2F28-828E-4D75-8656-FE5F83FA1D11}.Release|x64.Build.0 = Release|x64
		{86FB2F28-828E-4D75-8656-FE5F83FA1D11}.Release|x86.ActiveCfg = Release|x86
		{86FB2F28-828E-4D75-8656-FE5F83FA1D11}.Release|x86.Build.0 = Release|x86
		{2B8D11AE-A2F8-4DD8-97A7-9E722B57182E}.Debug|Any CPU.ActiveCfg = Debug|Any CPU
		{2B8D11AE-A2F8-4DD8-97A7-9E722B57182E}.Debug|Any CPU.Build.0 = Debug|Any CPU
		{2B8D11AE-A2F8-4DD8-97A7-9E722B57182E}.Debug|x64.ActiveCfg = Debug|Any CPU
		{2B8D11AE-A2F8-4DD8-97A7-9E722B57182E}.Debug|x64.Build.0 = Debug|Any CPU
		{2B8D11AE-A2F8-4DD8-97A7-9E722B57182E}.Debug|x86.ActiveCfg = Debug|x86
		{2B8D11AE-A2F8-4DD8-97A7-9E722B57182E}.Debug|x86.Build.0 = Debug|x86
		{2B8D11AE-A2F8-4DD8-97A7-9E722B57182E}.Release|Any CPU.ActiveCfg = Release|Any CPU
		{2B8D11AE-A2F8-4DD8-97A7-9E722B57182E}.Release|Any CPU.Build.0 = Release|Any CPU
		{2B8D11AE-A2F8-4DD8-97A7-9E722B57182E}.Release|x64.ActiveCfg = Release|x64
		{2B8D11AE-A2F8-4DD8-97A7-9E722B57182E}.Release|x64.Build.0 = Release|x64
		{2B8D11AE-A2F8-4DD8-97A7-9E722B57182E}.Release|x86.ActiveCfg = Release|x86
		{2B8D11AE-A2F8-4DD8-97A7-9E722B57182E}.Release|x86.Build.0 = Release|x86
		{713451E2-581C-4099-B5CA-15E95F3F0A16}.Debug|Any CPU.ActiveCfg = Debug|Any CPU
		{713451E2-581C-4099-B5CA-15E95F3F0A16}.Debug|Any CPU.Build.0 = Debug|Any CPU
		{713451E2-581C-4099-B5CA-15E95F3F0A16}.Debug|x64.ActiveCfg = Debug|Any CPU
		{713451E2-581C-4099-B5CA-15E95F3F0A16}.Debug|x64.Build.0 = Debug|Any CPU
		{713451E2-581C-4099-B5CA-15E95F3F0A16}.Debug|x86.ActiveCfg = Debug|x86
		{713451E2-581C-4099-B5CA-15E95F3F0A16}.Debug|x86.Build.0 = Debug|x86
		{713451E2-581C-4099-B5CA-15E95F3F0A16}.Release|Any CPU.ActiveCfg = Release|Any CPU
		{713451E2-581C-4099-B5CA-15E95F3F0A16}.Release|Any CPU.Build.0 = Release|Any CPU
		{713451E2-581C-4099-B5CA-15E95F3F0A16}.Release|x64.ActiveCfg = Release|Any CPU
		{713451E2-581C-4099-B5CA-15E95F3F0A16}.Release|x64.Build.0 = Release|Any CPU
		{713451E2-581C-4099-B5CA-15E95F3F0A16}.Release|x86.ActiveCfg = Release|x86
		{713451E2-581C-4099-B5CA-15E95F3F0A16}.Release|x86.Build.0 = Release|x86
		{26FF4718-4F3B-48E5-9CC6-513E266DE5CE}.Debug|Any CPU.ActiveCfg = Debug|Any CPU
		{26FF4718-4F3B-48E5-9CC6-513E266DE5CE}.Debug|Any CPU.Build.0 = Debug|Any CPU
		{26FF4718-4F3B-48E5-9CC6-513E266DE5CE}.Debug|x64.ActiveCfg = Debug|Any CPU
		{26FF4718-4F3B-48E5-9CC6-513E266DE5CE}.Debug|x64.Build.0 = Debug|Any CPU
		{26FF4718-4F3B-48E5-9CC6-513E266DE5CE}.Debug|x86.ActiveCfg = Debug|x86
		{26FF4718-4F3B-48E5-9CC6-513E266DE5CE}.Debug|x86.Build.0 = Debug|x86
		{26FF4718-4F3B-48E5-9CC6-513E266DE5CE}.Release|Any CPU.ActiveCfg = Release|Any CPU
		{26FF4718-4F3B-48E5-9CC6-513E266DE5CE}.Release|Any CPU.Build.0 = Release|Any CPU
		{26FF4718-4F3B-48E5-9CC6-513E266DE5CE}.Release|x64.ActiveCfg = Release|Any CPU
		{26FF4718-4F3B-48E5-9CC6-513E266DE5CE}.Release|x64.Build.0 = Release|Any CPU
		{26FF4718-4F3B-48E5-9CC6-513E266DE5CE}.Release|x86.ActiveCfg = Release|x86
		{26FF4718-4F3B-48E5-9CC6-513E266DE5CE}.Release|x86.Build.0 = Release|x86
		{6E6E3656-EED9-4B5F-832C-A0CC3264872B}.Debug|Any CPU.ActiveCfg = Debug|Any CPU
		{6E6E3656-EED9-4B5F-832C-A0CC3264872B}.Debug|Any CPU.Build.0 = Debug|Any CPU
		{6E6E3656-EED9-4B5F-832C-A0CC3264872B}.Debug|x64.ActiveCfg = Debug|Any CPU
		{6E6E3656-EED9-4B5F-832C-A0CC3264872B}.Debug|x64.Build.0 = Debug|Any CPU
		{6E6E3656-EED9-4B5F-832C-A0CC3264872B}.Debug|x86.ActiveCfg = Debug|Any CPU
		{6E6E3656-EED9-4B5F-832C-A0CC3264872B}.Debug|x86.Build.0 = Debug|Any CPU
		{6E6E3656-EED9-4B5F-832C-A0CC3264872B}.Release|Any CPU.ActiveCfg = Release|Any CPU
		{6E6E3656-EED9-4B5F-832C-A0CC3264872B}.Release|Any CPU.Build.0 = Release|Any CPU
		{6E6E3656-EED9-4B5F-832C-A0CC3264872B}.Release|x64.ActiveCfg = Release|Any CPU
		{6E6E3656-EED9-4B5F-832C-A0CC3264872B}.Release|x64.Build.0 = Release|Any CPU
		{6E6E3656-EED9-4B5F-832C-A0CC3264872B}.Release|x86.ActiveCfg = Release|Any CPU
		{6E6E3656-EED9-4B5F-832C-A0CC3264872B}.Release|x86.Build.0 = Release|Any CPU
		{4F833E59-47E3-46C7-BE0B-48D8572CABC5}.Debug|Any CPU.ActiveCfg = Debug|Any CPU
		{4F833E59-47E3-46C7-BE0B-48D8572CABC5}.Debug|Any CPU.Build.0 = Debug|Any CPU
		{4F833E59-47E3-46C7-BE0B-48D8572CABC5}.Debug|x64.ActiveCfg = Debug|Any CPU
		{4F833E59-47E3-46C7-BE0B-48D8572CABC5}.Debug|x64.Build.0 = Debug|Any CPU
		{4F833E59-47E3-46C7-BE0B-48D8572CABC5}.Debug|x86.ActiveCfg = Debug|Any CPU
		{4F833E59-47E3-46C7-BE0B-48D8572CABC5}.Debug|x86.Build.0 = Debug|Any CPU
		{4F833E59-47E3-46C7-BE0B-48D8572CABC5}.Release|Any CPU.ActiveCfg = Release|Any CPU
		{4F833E59-47E3-46C7-BE0B-48D8572CABC5}.Release|Any CPU.Build.0 = Release|Any CPU
		{4F833E59-47E3-46C7-BE0B-48D8572CABC5}.Release|x64.ActiveCfg = Release|Any CPU
		{4F833E59-47E3-46C7-BE0B-48D8572CABC5}.Release|x64.Build.0 = Release|Any CPU
		{4F833E59-47E3-46C7-BE0B-48D8572CABC5}.Release|x86.ActiveCfg = Release|Any CPU
		{4F833E59-47E3-46C7-BE0B-48D8572CABC5}.Release|x86.Build.0 = Release|Any CPU
		{86806F56-8625-4BE6-AE83-EFCA3C606DEF}.Debug|Any CPU.ActiveCfg = Debug|Any CPU
		{86806F56-8625-4BE6-AE83-EFCA3C606DEF}.Debug|Any CPU.Build.0 = Debug|Any CPU
		{86806F56-8625-4BE6-AE83-EFCA3C606DEF}.Debug|x64.ActiveCfg = Debug|Any CPU
		{86806F56-8625-4BE6-AE83-EFCA3C606DEF}.Debug|x64.Build.0 = Debug|Any CPU
		{86806F56-8625-4BE6-AE83-EFCA3C606DEF}.Debug|x86.ActiveCfg = Debug|Any CPU
		{86806F56-8625-4BE6-AE83-EFCA3C606DEF}.Debug|x86.Build.0 = Debug|Any CPU
		{86806F56-8625-4BE6-AE83-EFCA3C606DEF}.Release|Any CPU.ActiveCfg = Release|Any CPU
		{86806F56-8625-4BE6-AE83-EFCA3C606DEF}.Release|Any CPU.Build.0 = Release|Any CPU
		{86806F56-8625-4BE6-AE83-EFCA3C606DEF}.Release|x64.ActiveCfg = Release|Any CPU
		{86806F56-8625-4BE6-AE83-EFCA3C606DEF}.Release|x64.Build.0 = Release|Any CPU
		{86806F56-8625-4BE6-AE83-EFCA3C606DEF}.Release|x86.ActiveCfg = Release|Any CPU
		{86806F56-8625-4BE6-AE83-EFCA3C606DEF}.Release|x86.Build.0 = Release|Any CPU
	EndGlobalSection
	GlobalSection(SolutionProperties) = preSolution
		HideSolutionNode = FALSE
	EndGlobalSection
	GlobalSection(NestedProjects) = preSolution
		{B9CE123C-0ACE-4976-B314-5167F547A6D1} = {C3A6235B-0AA8-403C-B4E1-15670B7E7136}
		{6E6E3656-EED9-4B5F-832C-A0CC3264872B} = {C3A6235B-0AA8-403C-B4E1-15670B7E7136}
		{4F833E59-47E3-46C7-BE0B-48D8572CABC5} = {C3A6235B-0AA8-403C-B4E1-15670B7E7136}
		{86806F56-8625-4BE6-AE83-EFCA3C606DEF} = {C3A6235B-0AA8-403C-B4E1-15670B7E7136}
	EndGlobalSection
	GlobalSection(ExtensibilityGlobals) = postSolution
		SolutionGuid = {9D727CA8-00F1-4ED0-87E4-F026464ABE75}
	EndGlobalSection
EndGlobal
